
Microsoft Visual Studio Solution File, Format Version 12.00
# Visual Studio Version 16
VisualStudioVersion = 16.0.30517.126
MinimumVisualStudioVersion = 10.0.40219.1
Project("{2150E333-8FDC-42A3-9474-1A3956D46DE8}") = "BackEnd", "BackEnd", "{B6634F7E-F835-4C78-992E-288350E50D72}"
EndProject
Project("{2150E333-8FDC-42A3-9474-1A3956D46DE8}") = "FrontEnd", "FrontEnd", "{534E2671-4953-48CA-8744-7B75C4012694}"
EndProject
Project("{9A19103F-16F7-4668-BE54-9A1E7A4F7556}") = "AcessoADados", "AcessoADados\AcessoADados.csproj", "{731B55B0-1A98-4796-9349-2BB66158813E}"
EndProject
Project("{9A19103F-16F7-4668-BE54-9A1E7A4F7556}") = "Infra", "Infra\Infra.csproj", "{BDFBA0B9-F7D5-489F-B07E-368EC80A8730}"
EndProject
Project("{9A19103F-16F7-4668-BE54-9A1E7A4F7556}") = "Modelos", "Modelos\Modelos.csproj", "{CC518CD6-D287-40AA-9F0C-321B263BDE19}"
EndProject
Project("{9A19103F-16F7-4668-BE54-9A1E7A4F7556}") = "Modelos.Mapeamento", "Modelos.Mapeamento\Modelos.Mapeamento.csproj", "{DE5FEE19-9814-44F5-B7DC-623563205CD4}"
EndProject
Project("{9A19103F-16F7-4668-BE54-9A1E7A4F7556}") = "Repositorios", "Repositorios\Repositorios.csproj", "{54548FDF-EF1B-41D8-871C-28A173F31D1D}"
EndProject
Project("{9A19103F-16F7-4668-BE54-9A1E7A4F7556}") = "RegrasNegocio", "RegrasNegocio\RegrasNegocio.csproj", "{CC25253D-0F77-4065-B164-0054A5383949}"
EndProject
Project("{9A19103F-16F7-4668-BE54-9A1E7A4F7556}") = "Modelos.Validacao", "Modelos.Validacao\Modelos.Validacao.csproj", "{EB5EAB67-4064-4726-A2EE-F759A7FB5094}"
EndProject
Project("{9A19103F-16F7-4668-BE54-9A1E7A4F7556}") = "ControleJogosApi", "ControleJogosApi\ControleJogosApi.csproj", "{C07149D0-94C5-48A7-84FE-B13C78B07496}"
EndProject
Project("{E53339B2-1760-4266-BCC7-CA923CBCF16C}") = "docker-compose", "docker-compose.dcproj", "{7C637F59-D445-4DFA-BBC2-51C0BD7A02FD}"
EndProject
Global
	GlobalSection(SolutionConfigurationPlatforms) = preSolution
		Debug|Any CPU = Debug|Any CPU
		Release|Any CPU = Release|Any CPU
	EndGlobalSection
	GlobalSection(ProjectConfigurationPlatforms) = postSolution
		{731B55B0-1A98-4796-9349-2BB66158813E}.Debug|Any CPU.ActiveCfg = Debug|Any CPU
		{731B55B0-1A98-4796-9349-2BB66158813E}.Debug|Any CPU.Build.0 = Debug|Any CPU
		{731B55B0-1A98-4796-9349-2BB66158813E}.Release|Any CPU.ActiveCfg = Release|Any CPU
		{731B55B0-1A98-4796-9349-2BB66158813E}.Release|Any CPU.Build.0 = Release|Any CPU
		{BDFBA0B9-F7D5-489F-B07E-368EC80A8730}.Debug|Any CPU.ActiveCfg = Debug|Any CPU
		{BDFBA0B9-F7D5-489F-B07E-368EC80A8730}.Debug|Any CPU.Build.0 = Debug|Any CPU
		{BDFBA0B9-F7D5-489F-B07E-368EC80A8730}.Release|Any CPU.ActiveCfg = Release|Any CPU
		{BDFBA0B9-F7D5-489F-B07E-368EC80A8730}.Release|Any CPU.Build.0 = Release|Any CPU
		{CC518CD6-D287-40AA-9F0C-321B263BDE19}.Debug|Any CPU.ActiveCfg = Debug|Any CPU
		{CC518CD6-D287-40AA-9F0C-321B263BDE19}.Debug|Any CPU.Build.0 = Debug|Any CPU
		{CC518CD6-D287-40AA-9F0C-321B263BDE19}.Release|Any CPU.ActiveCfg = Release|Any CPU
		{CC518CD6-D287-40AA-9F0C-321B263BDE19}.Release|Any CPU.Build.0 = Release|Any CPU
		{DE5FEE19-9814-44F5-B7DC-623563205CD4}.Debug|Any CPU.ActiveCfg = Debug|Any CPU
		{DE5FEE19-9814-44F5-B7DC-623563205CD4}.Debug|Any CPU.Build.0 = Debug|Any CPU
		{DE5FEE19-9814-44F5-B7DC-623563205CD4}.Release|Any CPU.ActiveCfg = Release|Any CPU
		{DE5FEE19-9814-44F5-B7DC-623563205CD4}.Release|Any CPU.Build.0 = Release|Any CPU
		{54548FDF-EF1B-41D8-871C-28A173F31D1D}.Debug|Any CPU.ActiveCfg = Debug|Any CPU
		{54548FDF-EF1B-41D8-871C-28A173F31D1D}.Debug|Any CPU.Build.0 = Debug|Any CPU
		{54548FDF-EF1B-41D8-871C-28A173F31D1D}.Release|Any CPU.ActiveCfg = Release|Any CPU
		{54548FDF-EF1B-41D8-871C-28A173F31D1D}.Release|Any CPU.Build.0 = Release|Any CPU
		{CC25253D-0F77-4065-B164-0054A5383949}.Debug|Any CPU.ActiveCfg = Debug|Any CPU
		{CC25253D-0F77-4065-B164-0054A5383949}.Debug|Any CPU.Build.0 = Debug|Any CPU
		{CC25253D-0F77-4065-B164-0054A5383949}.Release|Any CPU.ActiveCfg = Release|Any CPU
		{CC25253D-0F77-4065-B164-0054A5383949}.Release|Any CPU.Build.0 = Release|Any CPU
		{EB5EAB67-4064-4726-A2EE-F759A7FB5094}.Debug|Any CPU.ActiveCfg = Debug|Any CPU
		{EB5EAB67-4064-4726-A2EE-F759A7FB5094}.Debug|Any CPU.Build.0 = Debug|Any CPU
		{EB5EAB67-4064-4726-A2EE-F759A7FB5094}.Release|Any CPU.ActiveCfg = Release|Any CPU
		{EB5EAB67-4064-4726-A2EE-F759A7FB5094}.Release|Any CPU.Build.0 = Release|Any CPU
		{C07149D0-94C5-48A7-84FE-B13C78B07496}.Debug|Any CPU.ActiveCfg = Debug|Any CPU
		{C07149D0-94C5-48A7-84FE-B13C78B07496}.Debug|Any CPU.Build.0 = Debug|Any CPU
		{C07149D0-94C5-48A7-84FE-B13C78B07496}.Release|Any CPU.ActiveCfg = Release|Any CPU
		{C07149D0-94C5-48A7-84FE-B13C78B07496}.Release|Any CPU.Build.0 = Release|Any CPU
		{7C637F59-D445-4DFA-BBC2-51C0BD7A02FD}.Debug|Any CPU.ActiveCfg = Debug|Any CPU
		{7C637F59-D445-4DFA-BBC2-51C0BD7A02FD}.Debug|Any CPU.Build.0 = Debug|Any CPU
		{7C637F59-D445-4DFA-BBC2-51C0BD7A02FD}.Release|Any CPU.ActiveCfg = Release|Any CPU
		{7C637F59-D445-4DFA-BBC2-51C0BD7A02FD}.Release|Any CPU.Build.0 = Release|Any CPU
	EndGlobalSection
	GlobalSection(SolutionProperties) = preSolution
		HideSolutionNode = FALSE
	EndGlobalSection
	GlobalSection(NestedProjects) = preSolution
		{731B55B0-1A98-4796-9349-2BB66158813E} = {B6634F7E-F835-4C78-992E-288350E50D72}
		{BDFBA0B9-F7D5-489F-B07E-368EC80A8730} = {B6634F7E-F835-4C78-992E-288350E50D72}
		{CC518CD6-D287-40AA-9F0C-321B263BDE19} = {B6634F7E-F835-4C78-992E-288350E50D72}
		{DE5FEE19-9814-44F5-B7DC-623563205CD4} = {B6634F7E-F835-4C78-992E-288350E50D72}
		{54548FDF-EF1B-41D8-871C-28A173F31D1D} = {B6634F7E-F835-4C78-992E-288350E50D72}
		{CC25253D-0F77-4065-B164-0054A5383949} = {B6634F7E-F835-4C78-992E-288350E50D72}
		{EB5EAB67-4064-4726-A2EE-F759A7FB5094} = {B6634F7E-F835-4C78-992E-288350E50D72}
		{C07149D0-94C5-48A7-84FE-B13C78B07496} = {534E2671-4953-48CA-8744-7B75C4012694}
	EndGlobalSection
	GlobalSection(ExtensibilityGlobals) = postSolution
		SolutionGuid = {63F269BF-0F3D-43B7-A372-ED0037E149C2}
	EndGlobalSection
EndGlobal
